// !$*UTF8*$!
{
	archiveVersion = 1;
	classes = {
	};
	objectVersion = 46;
	objects = {

/* Begin PBXBuildFile section */
		A308A30917EC9C43007ED531 /* UIKit.framework in Frameworks */ = {isa = PBXBuildFile; fileRef = A308A30817EC9C43007ED531 /* UIKit.framework */; };
		A308A30B17EC9C43007ED531 /* Foundation.framework in Frameworks */ = {isa = PBXBuildFile; fileRef = A308A30A17EC9C43007ED531 /* Foundation.framework */; };
		A308A30D17EC9C43007ED531 /* CoreGraphics.framework in Frameworks */ = {isa = PBXBuildFile; fileRef = A308A30C17EC9C43007ED531 /* CoreGraphics.framework */; };
		A308A31317EC9C43007ED531 /* InfoPlist.strings in Resources */ = {isa = PBXBuildFile; fileRef = A308A31117EC9C43007ED531 /* InfoPlist.strings */; };
		A308A31517EC9C43007ED531 /* main.m in Sources */ = {isa = PBXBuildFile; fileRef = A308A31417EC9C43007ED531 /* main.m */; };
		A308A31917EC9C43007ED531 /* AppDelegate.m in Sources */ = {isa = PBXBuildFile; fileRef = A308A31817EC9C43007ED531 /* AppDelegate.m */; };
		A308A31B17EC9C43007ED531 /* Default.png in Resources */ = {isa = PBXBuildFile; fileRef = A308A31A17EC9C43007ED531 /* Default.png */; };
		A308A31D17EC9C43007ED531 /* Default@2x.png in Resources */ = {isa = PBXBuildFile; fileRef = A308A31C17EC9C43007ED531 /* Default@2x.png */; };
		A308A31F17EC9C43007ED531 /* Default-568h@2x.png in Resources */ = {isa = PBXBuildFile; fileRef = A308A31E17EC9C43007ED531 /* Default-568h@2x.png */; };
		A308A32217EC9C43007ED531 /* MainStoryboard.storyboard in Resources */ = {isa = PBXBuildFile; fileRef = A308A32017EC9C43007ED531 /* MainStoryboard.storyboard */; };
		A308A32C17EC9C59007ED531 /* SystemConfiguration.framework in Frameworks */ = {isa = PBXBuildFile; fileRef = A308A32B17EC9C59007ED531 /* SystemConfiguration.framework */; };
		A31FD66C18329A5B008A325D /* CoreDataTableViewController.m in Sources */ = {isa = PBXBuildFile; fileRef = A31FD66B18329A5B008A325D /* CoreDataTableViewController.m */; };
		A32CEF2C1814F57100608F35 /* TweetDetailsCDTVC.m in Sources */ = {isa = PBXBuildFile; fileRef = A32CEF2B1814F57100608F35 /* TweetDetailsCDTVC.m */; };
		A32CEF2F1815253700608F35 /* UserProfileCDTVC.m in Sources */ = {isa = PBXBuildFile; fileRef = A32CEF2E1815253700608F35 /* UserProfileCDTVC.m */; };
		A342C78418035E32000AEAEE /* User+Create.m in Sources */ = {isa = PBXBuildFile; fileRef = A342C78318035E32000AEAEE /* User+Create.m */; };
		A348245D18056CBA0027D43F /* TwitterOAuthClient.m in Sources */ = {isa = PBXBuildFile; fileRef = A348245C18056CBA0027D43F /* TwitterOAuthClient.m */; };
		A348248F18064E9E0027D43F /* AFHTTPClient.m in Sources */ = {isa = PBXBuildFile; fileRef = A348247D18064E9E0027D43F /* AFHTTPClient.m */; };
		A348249018064E9E0027D43F /* AFHTTPRequestOperation.m in Sources */ = {isa = PBXBuildFile; fileRef = A348247F18064E9E0027D43F /* AFHTTPRequestOperation.m */; };
		A348249118064E9E0027D43F /* AFImageRequestOperation.m in Sources */ = {isa = PBXBuildFile; fileRef = A348248118064E9E0027D43F /* AFImageRequestOperation.m */; };
		A348249218064E9E0027D43F /* AFJSONRequestOperation.m in Sources */ = {isa = PBXBuildFile; fileRef = A348248318064E9E0027D43F /* AFJSONRequestOperation.m */; };
		A348249318064E9E0027D43F /* AFNetworkActivityIndicatorManager.m in Sources */ = {isa = PBXBuildFile; fileRef = A348248518064E9E0027D43F /* AFNetworkActivityIndicatorManager.m */; };
		A348249418064E9E0027D43F /* AFPropertyListRequestOperation.m in Sources */ = {isa = PBXBuildFile; fileRef = A348248818064E9E0027D43F /* AFPropertyListRequestOperation.m */; };
		A348249518064E9E0027D43F /* AFURLConnectionOperation.m in Sources */ = {isa = PBXBuildFile; fileRef = A348248A18064E9E0027D43F /* AFURLConnectionOperation.m */; };
		A348249618064E9E0027D43F /* AFXMLRequestOperation.m in Sources */ = {isa = PBXBuildFile; fileRef = A348248C18064E9E0027D43F /* AFXMLRequestOperation.m */; };
		A348249718064E9E0027D43F /* UIImageView+AFNetworking.m in Sources */ = {isa = PBXBuildFile; fileRef = A348248E18064E9E0027D43F /* UIImageView+AFNetworking.m */; };
		A348249A180D897D0027D43F /* ComposeTweetViewController.m in Sources */ = {isa = PBXBuildFile; fileRef = A3482499180D897D0027D43F /* ComposeTweetViewController.m */; };
		A3551C3D182D117E0055B35D /* SaveResults.m in Sources */ = {isa = PBXBuildFile; fileRef = A3551C3C182D117E0055B35D /* SaveResults.m */; };
		A357A01018323A57001C87B6 /* User.m in Sources */ = {isa = PBXBuildFile; fileRef = A357A00F18323A57001C87B6 /* User.m */; };
		A357A01318323A58001C87B6 /* Tweet.m in Sources */ = {isa = PBXBuildFile; fileRef = A357A01218323A58001C87B6 /* Tweet.m */; };
		A35B1EF018125F2700DA9C6A /* HomeTimelineCDTVC.m in Sources */ = {isa = PBXBuildFile; fileRef = A35B1EEF18125F2700DA9C6A /* HomeTimelineCDTVC.m */; };
		A361B7B3180E7C0D00D51D5E /* TweetCell.m in Sources */ = {isa = PBXBuildFile; fileRef = A361B7B2180E7C0D00D51D5E /* TweetCell.m */; };
		A364F68917FADD8B0013D586 /* IndexViewController.m in Sources */ = {isa = PBXBuildFile; fileRef = A364F68817FADD8B0013D586 /* IndexViewController.m */; };
		A37DE120182CF9A40056C4F3 /* indexBackground.jpg in Resources */ = {isa = PBXBuildFile; fileRef = A37DE11F182CF9A40056C4F3 /* indexBackground.jpg */; };
		A39908A117ECE67A000C67A2 /* Security.framework in Frameworks */ = {isa = PBXBuildFile; fileRef = A39908A017ECE67A000C67A2 /* Security.framework */; };
		A39908A317ECE687000C67A2 /* CFNetwork.framework in Frameworks */ = {isa = PBXBuildFile; fileRef = A39908A217ECE687000C67A2 /* CFNetwork.framework */; };
		A3E782F3181920AD00581564 /* ManagedObjectManager.m in Sources */ = {isa = PBXBuildFile; fileRef = A3E782F2181920AD00581564 /* ManagedObjectManager.m */; };
		A3ED733D1802892E00C0A2DC /* CoreData.framework in Frameworks */ = {isa = PBXBuildFile; fileRef = A3ED733C1802892E00C0A2DC /* CoreData.framework */; };
		A3ED734318028A0700C0A2DC /* TwitterFHS.xcdatamodeld in Sources */ = {isa = PBXBuildFile; fileRef = A3ED734118028A0600C0A2DC /* TwitterFHS.xcdatamodeld */; };
		A3ED735F1802A36100C0A2DC /* Tweet+Twitter.m in Sources */ = {isa = PBXBuildFile; fileRef = A3ED735E1802A36100C0A2DC /* Tweet+Twitter.m */; };
/* End PBXBuildFile section */

/* Begin PBXFileReference section */
		A308A30517EC9C43007ED531 /* TwitterFHS.app */ = {isa = PBXFileReference; explicitFileType = wrapper.application; includeInIndex = 0; path = TwitterFHS.app; sourceTree = BUILT_PRODUCTS_DIR; };
		A308A30817EC9C43007ED531 /* UIKit.framework */ = {isa = PBXFileReference; lastKnownFileType = wrapper.framework; name = UIKit.framework; path = System/Library/Frameworks/UIKit.framework; sourceTree = SDKROOT; };
		A308A30A17EC9C43007ED531 /* Foundation.framework */ = {isa = PBXFileReference; lastKnownFileType = wrapper.framework; name = Foundation.framework; path = System/Library/Frameworks/Foundation.framework; sourceTree = SDKROOT; };
		A308A30C17EC9C43007ED531 /* CoreGraphics.framework */ = {isa = PBXFileReference; lastKnownFileType = wrapper.framework; name = CoreGraphics.framework; path = System/Library/Frameworks/CoreGraphics.framework; sourceTree = SDKROOT; };
		A308A31017EC9C43007ED531 /* TwitterFHS-Info.plist */ = {isa = PBXFileReference; lastKnownFileType = text.plist.xml; path = "TwitterFHS-Info.plist"; sourceTree = "<group>"; };
		A308A31217EC9C43007ED531 /* en */ = {isa = PBXFileReference; lastKnownFileType = text.plist.strings; name = en; path = en.lproj/InfoPlist.strings; sourceTree = "<group>"; };
		A308A31417EC9C43007ED531 /* main.m */ = {isa = PBXFileReference; lastKnownFileType = sourcecode.c.objc; path = main.m; sourceTree = "<group>"; };
		A308A31617EC9C43007ED531 /* TwitterFHS-Prefix.pch */ = {isa = PBXFileReference; lastKnownFileType = sourcecode.c.h; path = "TwitterFHS-Prefix.pch"; sourceTree = "<group>"; };
		A308A31717EC9C43007ED531 /* AppDelegate.h */ = {isa = PBXFileReference; lastKnownFileType = sourcecode.c.h; path = AppDelegate.h; sourceTree = "<group>"; };
		A308A31817EC9C43007ED531 /* AppDelegate.m */ = {isa = PBXFileReference; lastKnownFileType = sourcecode.c.objc; path = AppDelegate.m; sourceTree = "<group>"; };
		A308A31A17EC9C43007ED531 /* Default.png */ = {isa = PBXFileReference; lastKnownFileType = image.png; path = Default.png; sourceTree = "<group>"; };
		A308A31C17EC9C43007ED531 /* Default@2x.png */ = {isa = PBXFileReference; lastKnownFileType = image.png; path = "Default@2x.png"; sourceTree = "<group>"; };
		A308A31E17EC9C43007ED531 /* Default-568h@2x.png */ = {isa = PBXFileReference; lastKnownFileType = image.png; path = "Default-568h@2x.png"; sourceTree = "<group>"; };
		A308A32117EC9C43007ED531 /* en */ = {isa = PBXFileReference; lastKnownFileType = file.storyboard; name = en; path = en.lproj/MainStoryboard.storyboard; sourceTree = "<group>"; };
		A308A32B17EC9C59007ED531 /* SystemConfiguration.framework */ = {isa = PBXFileReference; lastKnownFileType = wrapper.framework; name = SystemConfiguration.framework; path = System/Library/Frameworks/SystemConfiguration.framework; sourceTree = SDKROOT; };
		A31FD66A18329A5B008A325D /* CoreDataTableViewController.h */ = {isa = PBXFileReference; fileEncoding = 4; lastKnownFileType = sourcecode.c.h; path = CoreDataTableViewController.h; sourceTree = "<group>"; };
		A31FD66B18329A5B008A325D /* CoreDataTableViewController.m */ = {isa = PBXFileReference; fileEncoding = 4; lastKnownFileType = sourcecode.c.objc; path = CoreDataTableViewController.m; sourceTree = "<group>"; };
		A32CEF2A1814F57100608F35 /* TweetDetailsCDTVC.h */ = {isa = PBXFileReference; fileEncoding = 4; lastKnownFileType = sourcecode.c.h; path = TweetDetailsCDTVC.h; sourceTree = "<group>"; };
		A32CEF2B1814F57100608F35 /* TweetDetailsCDTVC.m */ = {isa = PBXFileReference; fileEncoding = 4; lastKnownFileType = sourcecode.c.objc; path = TweetDetailsCDTVC.m; sourceTree = "<group>"; };
		A32CEF2D1815253700608F35 /* UserProfileCDTVC.h */ = {isa = PBXFileReference; fileEncoding = 4; lastKnownFileType = sourcecode.c.h; path = UserProfileCDTVC.h; sourceTree = "<group>"; };
		A32CEF2E1815253700608F35 /* UserProfileCDTVC.m */ = {isa = PBXFileReference; fileEncoding = 4; lastKnownFileType = sourcecode.c.objc; path = UserProfileCDTVC.m; sourceTree = "<group>"; };
		A342C78218035E32000AEAEE /* User+Create.h */ = {isa = PBXFileReference; fileEncoding = 4; lastKnownFileType = sourcecode.c.h; path = "User+Create.h"; sourceTree = "<group>"; };
		A342C78318035E32000AEAEE /* User+Create.m */ = {isa = PBXFileReference; fileEncoding = 4; lastKnownFileType = sourcecode.c.objc; path = "User+Create.m"; sourceTree = "<group>"; };
		A348245B18056CBA0027D43F /* TwitterOAuthClient.h */ = {isa = PBXFileReference; fileEncoding = 4; lastKnownFileType = sourcecode.c.h; path = TwitterOAuthClient.h; sourceTree = "<group>"; };
		A348245C18056CBA0027D43F /* TwitterOAuthClient.m */ = {isa = PBXFileReference; fileEncoding = 4; lastKnownFileType = sourcecode.c.objc; path = TwitterOAuthClient.m; sourceTree = "<group>"; };
		A348247C18064E9E0027D43F /* AFHTTPClient.h */ = {isa = PBXFileReference; fileEncoding = 4; lastKnownFileType = sourcecode.c.h; path = AFHTTPClient.h; sourceTree = "<group>"; };
		A348247D18064E9E0027D43F /* AFHTTPClient.m */ = {isa = PBXFileReference; fileEncoding = 4; lastKnownFileType = sourcecode.c.objc; path = AFHTTPClient.m; sourceTree = "<group>"; };
		A348247E18064E9E0027D43F /* AFHTTPRequestOperation.h */ = {isa = PBXFileReference; fileEncoding = 4; lastKnownFileType = sourcecode.c.h; path = AFHTTPRequestOperation.h; sourceTree = "<group>"; };
		A348247F18064E9E0027D43F /* AFHTTPRequestOperation.m */ = {isa = PBXFileReference; fileEncoding = 4; lastKnownFileType = sourcecode.c.objc; path = AFHTTPRequestOperation.m; sourceTree = "<group>"; };
		A348248018064E9E0027D43F /* AFImageRequestOperation.h */ = {isa = PBXFileReference; fileEncoding = 4; lastKnownFileType = sourcecode.c.h; path = AFImageRequestOperation.h; sourceTree = "<group>"; };
		A348248118064E9E0027D43F /* AFImageRequestOperation.m */ = {isa = PBXFileReference; fileEncoding = 4; lastKnownFileType = sourcecode.c.objc; path = AFImageRequestOperation.m; sourceTree = "<group>"; };
		A348248218064E9E0027D43F /* AFJSONRequestOperation.h */ = {isa = PBXFileReference; fileEncoding = 4; lastKnownFileType = sourcecode.c.h; path = AFJSONRequestOperation.h; sourceTree = "<group>"; };
		A348248318064E9E0027D43F /* AFJSONRequestOperation.m */ = {isa = PBXFileReference; fileEncoding = 4; lastKnownFileType = sourcecode.c.objc; path = AFJSONRequestOperation.m; sourceTree = "<group>"; };
		A348248418064E9E0027D43F /* AFNetworkActivityIndicatorManager.h */ = {isa = PBXFileReference; fileEncoding = 4; lastKnownFileType = sourcecode.c.h; path = AFNetworkActivityIndicatorManager.h; sourceTree = "<group>"; };
		A348248518064E9E0027D43F /* AFNetworkActivityIndicatorManager.m */ = {isa = PBXFileReference; fileEncoding = 4; lastKnownFileType = sourcecode.c.objc; path = AFNetworkActivityIndicatorManager.m; sourceTree = "<group>"; };
		A348248618064E9E0027D43F /* AFNetworking.h */ = {isa = PBXFileReference; fileEncoding = 4; lastKnownFileType = sourcecode.c.h; path = AFNetworking.h; sourceTree = "<group>"; };
		A348248718064E9E0027D43F /* AFPropertyListRequestOperation.h */ = {isa = PBXFileReference; fileEncoding = 4; lastKnownFileType = sourcecode.c.h; path = AFPropertyListRequestOperation.h; sourceTree = "<group>"; };
		A348248818064E9E0027D43F /* AFPropertyListRequestOperation.m */ = {isa = PBXFileReference; fileEncoding = 4; lastKnownFileType = sourcecode.c.objc; path = AFPropertyListRequestOperation.m; sourceTree = "<group>"; };
		A348248918064E9E0027D43F /* AFURLConnectionOperation.h */ = {isa = PBXFileReference; fileEncoding = 4; lastKnownFileType = sourcecode.c.h; path = AFURLConnectionOperation.h; sourceTree = "<group>"; };
		A348248A18064E9E0027D43F /* AFURLConnectionOperation.m */ = {isa = PBXFileReference; fileEncoding = 4; lastKnownFileType = sourcecode.c.objc; path = AFURLConnectionOperation.m; sourceTree = "<group>"; };
		A348248B18064E9E0027D43F /* AFXMLRequestOperation.h */ = {isa = PBXFileReference; fileEncoding = 4; lastKnownFileType = sourcecode.c.h; path = AFXMLRequestOperation.h; sourceTree = "<group>"; };
		A348248C18064E9E0027D43F /* AFXMLRequestOperation.m */ = {isa = PBXFileReference; fileEncoding = 4; lastKnownFileType = sourcecode.c.objc; path = AFXMLRequestOperation.m; sourceTree = "<group>"; };
		A348248D18064E9E0027D43F /* UIImageView+AFNetworking.h */ = {isa = PBXFileReference; fileEncoding = 4; lastKnownFileType = sourcecode.c.h; path = "UIImageView+AFNetworking.h"; sourceTree = "<group>"; };
		A348248E18064E9E0027D43F /* UIImageView+AFNetworking.m */ = {isa = PBXFileReference; fileEncoding = 4; lastKnownFileType = sourcecode.c.objc; path = "UIImageView+AFNetworking.m"; sourceTree = "<group>"; };
		A3482498180D897D0027D43F /* ComposeTweetViewController.h */ = {isa = PBXFileReference; fileEncoding = 4; lastKnownFileType = sourcecode.c.h; path = ComposeTweetViewController.h; sourceTree = "<group>"; };
		A3482499180D897D0027D43F /* ComposeTweetViewController.m */ = {isa = PBXFileReference; fileEncoding = 4; lastKnownFileType = sourcecode.c.objc; path = ComposeTweetViewController.m; sourceTree = "<group>"; };
		A3551C3B182D117E0055B35D /* SaveResults.h */ = {isa = PBXFileReference; fileEncoding = 4; lastKnownFileType = sourcecode.c.h; path = SaveResults.h; sourceTree = "<group>"; };
		A3551C3C182D117E0055B35D /* SaveResults.m */ = {isa = PBXFileReference; fileEncoding = 4; lastKnownFileType = sourcecode.c.objc; path = SaveResults.m; sourceTree = "<group>"; };
		A357A00E18323A57001C87B6 /* User.h */ = {isa = PBXFileReference; fileEncoding = 4; lastKnownFileType = sourcecode.c.h; path = User.h; sourceTree = "<group>"; };
		A357A00F18323A57001C87B6 /* User.m */ = {isa = PBXFileReference; fileEncoding = 4; lastKnownFileType = sourcecode.c.objc; path = User.m; sourceTree = "<group>"; };
		A357A01118323A58001C87B6 /* Tweet.h */ = {isa = PBXFileReference; fileEncoding = 4; lastKnownFileType = sourcecode.c.h; path = Tweet.h; sourceTree = "<group>"; };
		A357A01218323A58001C87B6 /* Tweet.m */ = {isa = PBXFileReference; fileEncoding = 4; lastKnownFileType = sourcecode.c.objc; path = Tweet.m; sourceTree = "<group>"; };
		A35B1EEE18125F2700DA9C6A /* HomeTimelineCDTVC.h */ = {isa = PBXFileReference; fileEncoding = 4; lastKnownFileType = sourcecode.c.h; path = HomeTimelineCDTVC.h; sourceTree = "<group>"; };
		A35B1EEF18125F2700DA9C6A /* HomeTimelineCDTVC.m */ = {isa = PBXFileReference; fileEncoding = 4; lastKnownFileType = sourcecode.c.objc; path = HomeTimelineCDTVC.m; sourceTree = "<group>"; };
		A361B7B1180E7C0D00D51D5E /* TweetCell.h */ = {isa = PBXFileReference; fileEncoding = 4; lastKnownFileType = sourcecode.c.h; path = TweetCell.h; sourceTree = "<group>"; };
		A361B7B2180E7C0D00D51D5E /* TweetCell.m */ = {isa = PBXFileReference; fileEncoding = 4; lastKnownFileType = sourcecode.c.objc; path = TweetCell.m; sourceTree = "<group>"; };
		A364F68717FADD8B0013D586 /* IndexViewController.h */ = {isa = PBXFileReference; fileEncoding = 4; lastKnownFileType = sourcecode.c.h; path = IndexViewController.h; sourceTree = "<group>"; };
		A364F68817FADD8B0013D586 /* IndexViewController.m */ = {isa = PBXFileReference; fileEncoding = 4; lastKnownFileType = sourcecode.c.objc; path = IndexViewController.m; sourceTree = "<group>"; };
		A37DE11F182CF9A40056C4F3 /* indexBackground.jpg */ = {isa = PBXFileReference; lastKnownFileType = image.jpeg; path = indexBackground.jpg; sourceTree = "<group>"; };
		A39908A017ECE67A000C67A2 /* Security.framework */ = {isa = PBXFileReference; lastKnownFileType = wrapper.framework; name = Security.framework; path = System/Library/Frameworks/Security.framework; sourceTree = SDKROOT; };
		A39908A217ECE687000C67A2 /* CFNetwork.framework */ = {isa = PBXFileReference; lastKnownFileType = wrapper.framework; name = CFNetwork.framework; path = System/Library/Frameworks/CFNetwork.framework; sourceTree = SDKROOT; };
		A3E782F1181920AD00581564 /* ManagedObjectManager.h */ = {isa = PBXFileReference; fileEncoding = 4; lastKnownFileType = sourcecode.c.h; path = ManagedObjectManager.h; sourceTree = "<group>"; };
		A3E782F2181920AD00581564 /* ManagedObjectManager.m */ = {isa = PBXFileReference; fileEncoding = 4; lastKnownFileType = sourcecode.c.objc; path = ManagedObjectManager.m; sourceTree = "<group>"; };
		A3ED733C1802892E00C0A2DC /* CoreData.framework */ = {isa = PBXFileReference; lastKnownFileType = wrapper.framework; name = CoreData.framework; path = System/Library/Frameworks/CoreData.framework; sourceTree = SDKROOT; };
		A3ED734218028A0700C0A2DC /* TwitterFHS.xcdatamodel */ = {isa = PBXFileReference; lastKnownFileType = wrapper.xcdatamodel; path = TwitterFHS.xcdatamodel; sourceTree = "<group>"; };
		A3ED735D1802A36100C0A2DC /* Tweet+Twitter.h */ = {isa = PBXFileReference; fileEncoding = 4; lastKnownFileType = sourcecode.c.h; name = "Tweet+Twitter.h"; path = "../Tweet+Twitter.h"; sourceTree = "<group>"; };
		A3ED735E1802A36100C0A2DC /* Tweet+Twitter.m */ = {isa = PBXFileReference; fileEncoding = 4; lastKnownFileType = sourcecode.c.objc; name = "Tweet+Twitter.m"; path = "../Tweet+Twitter.m"; sourceTree = "<group>"; };
/* End PBXFileReference section */

/* Begin PBXFrameworksBuildPhase section */
		A308A30217EC9C43007ED531 /* Frameworks */ = {
			isa = PBXFrameworksBuildPhase;
			buildActionMask = 2147483647;
			files = (
				A3ED733D1802892E00C0A2DC /* CoreData.framework in Frameworks */,
				A39908A317ECE687000C67A2 /* CFNetwork.framework in Frameworks */,
				A39908A117ECE67A000C67A2 /* Security.framework in Frameworks */,
				A308A32C17EC9C59007ED531 /* SystemConfiguration.framework in Frameworks */,
				A308A30917EC9C43007ED531 /* UIKit.framework in Frameworks */,
				A308A30B17EC9C43007ED531 /* Foundation.framework in Frameworks */,
				A308A30D17EC9C43007ED531 /* CoreGraphics.framework in Frameworks */,
			);
			runOnlyForDeploymentPostprocessing = 0;
		};
/* End PBXFrameworksBuildPhase section */

/* Begin PBXGroup section */
		A308A2FC17EC9C43007ED531 = {
			isa = PBXGroup;
			children = (
				A308A30E17EC9C43007ED531 /* TwitterFHS */,
				A308A30717EC9C43007ED531 /* Frameworks */,
				A308A30617EC9C43007ED531 /* Products */,
			);
			sourceTree = "<group>";
		};
		A308A30617EC9C43007ED531 /* Products */ = {
			isa = PBXGroup;
			children = (
				A308A30517EC9C43007ED531 /* TwitterFHS.app */,
			);
			name = Products;
			sourceTree = "<group>";
		};
		A308A30717EC9C43007ED531 /* Frameworks */ = {
			isa = PBXGroup;
			children = (
				A3ED733C1802892E00C0A2DC /* CoreData.framework */,
				A39908A217ECE687000C67A2 /* CFNetwork.framework */,
				A39908A017ECE67A000C67A2 /* Security.framework */,
				A308A32B17EC9C59007ED531 /* SystemConfiguration.framework */,
				A308A30817EC9C43007ED531 /* UIKit.framework */,
				A308A30A17EC9C43007ED531 /* Foundation.framework */,
				A308A30C17EC9C43007ED531 /* CoreGraphics.framework */,
			);
			name = Frameworks;
			sourceTree = "<group>";
		};
		A308A30E17EC9C43007ED531 /* TwitterFHS */ = {
			isa = PBXGroup;
			children = (
				A348247B18064E9E0027D43F /* AFNetworking */,
				A3ED73591802A2B500C0A2DC /* Core Data */,
				A308A32017EC9C43007ED531 /* MainStoryboard.storyboard */,
				A348245B18056CBA0027D43F /* TwitterOAuthClient.h */,
				A348245C18056CBA0027D43F /* TwitterOAuthClient.m */,
				A3E782F1181920AD00581564 /* ManagedObjectManager.h */,
				A3E782F2181920AD00581564 /* ManagedObjectManager.m */,
				A3551C3B182D117E0055B35D /* SaveResults.h */,
				A3551C3C182D117E0055B35D /* SaveResults.m */,
				A364F68717FADD8B0013D586 /* IndexViewController.h */,
				A364F68817FADD8B0013D586 /* IndexViewController.m */,
				A35B1EEE18125F2700DA9C6A /* HomeTimelineCDTVC.h */,
				A35B1EEF18125F2700DA9C6A /* HomeTimelineCDTVC.m */,
				A32CEF2A1814F57100608F35 /* TweetDetailsCDTVC.h */,
				A32CEF2B1814F57100608F35 /* TweetDetailsCDTVC.m */,
				A32CEF2D1815253700608F35 /* UserProfileCDTVC.h */,
				A32CEF2E1815253700608F35 /* UserProfileCDTVC.m */,
				A3482498180D897D0027D43F /* ComposeTweetViewController.h */,
				A3482499180D897D0027D43F /* ComposeTweetViewController.m */,
				A361B7B1180E7C0D00D51D5E /* TweetCell.h */,
				A361B7B2180E7C0D00D51D5E /* TweetCell.m */,
				A308A30F17EC9C43007ED531 /* Supporting Files */,
			);
			path = TwitterFHS;
			sourceTree = "<group>";
		};
		A308A30F17EC9C43007ED531 /* Supporting Files */ = {
			isa = PBXGroup;
			children = (
				A37DE11F182CF9A40056C4F3 /* indexBackground.jpg */,
				A308A31717EC9C43007ED531 /* AppDelegate.h */,
				A308A31817EC9C43007ED531 /* AppDelegate.m */,
				A308A31017EC9C43007ED531 /* TwitterFHS-Info.plist */,
				A308A31117EC9C43007ED531 /* InfoPlist.strings */,
				A308A31417EC9C43007ED531 /* main.m */,
				A308A31617EC9C43007ED531 /* TwitterFHS-Prefix.pch */,
				A308A31A17EC9C43007ED531 /* Default.png */,
				A308A31C17EC9C43007ED531 /* Default@2x.png */,
				A308A31E17EC9C43007ED531 /* Default-568h@2x.png */,
			);
			name = "Supporting Files";
			sourceTree = "<group>";
		};
		A348247B18064E9E0027D43F /* AFNetworking */ = {
			isa = PBXGroup;
			children = (
				A348247C18064E9E0027D43F /* AFHTTPClient.h */,
				A348247D18064E9E0027D43F /* AFHTTPClient.m */,
				A348247E18064E9E0027D43F /* AFHTTPRequestOperation.h */,
				A348247F18064E9E0027D43F /* AFHTTPRequestOperation.m */,
				A348248018064E9E0027D43F /* AFImageRequestOperation.h */,
				A348248118064E9E0027D43F /* AFImageRequestOperation.m */,
				A348248218064E9E0027D43F /* AFJSONRequestOperation.h */,
				A348248318064E9E0027D43F /* AFJSONRequestOperation.m */,
				A348248418064E9E0027D43F /* AFNetworkActivityIndicatorManager.h */,
				A348248518064E9E0027D43F /* AFNetworkActivityIndicatorManager.m */,
				A348248618064E9E0027D43F /* AFNetworking.h */,
				A348248718064E9E0027D43F /* AFPropertyListRequestOperation.h */,
				A348248818064E9E0027D43F /* AFPropertyListRequestOperation.m */,
				A348248918064E9E0027D43F /* AFURLConnectionOperation.h */,
				A348248A18064E9E0027D43F /* AFURLConnectionOperation.m */,
				A348248B18064E9E0027D43F /* AFXMLRequestOperation.h */,
				A348248C18064E9E0027D43F /* AFXMLRequestOperation.m */,
				A348248D18064E9E0027D43F /* UIImageView+AFNetworking.h */,
				A348248E18064E9E0027D43F /* UIImageView+AFNetworking.m */,
			);
			path = AFNetworking;
			sourceTree = "<group>";
		};
		A3ED73591802A2B500C0A2DC /* Core Data */ = {
			isa = PBXGroup;
			children = (
				A3ED735D1802A36100C0A2DC /* Tweet+Twitter.h */,
				A3ED735E1802A36100C0A2DC /* Tweet+Twitter.m */,
				A342C78218035E32000AEAEE /* User+Create.h */,
				A342C78318035E32000AEAEE /* User+Create.m */,
				A31FD66A18329A5B008A325D /* CoreDataTableViewController.h */,
				A31FD66B18329A5B008A325D /* CoreDataTableViewController.m */,
				A3ED734118028A0600C0A2DC /* TwitterFHS.xcdatamodeld */,
				A357A00E18323A57001C87B6 /* User.h */,
				A357A00F18323A57001C87B6 /* User.m */,
				A357A01118323A58001C87B6 /* Tweet.h */,
				A357A01218323A58001C87B6 /* Tweet.m */,
			);
			name = "Core Data";
			sourceTree = "<group>";
		};
/* End PBXGroup section */

/* Begin PBXNativeTarget section */
		A308A30417EC9C43007ED531 /* TwitterFHS */ = {
			isa = PBXNativeTarget;
			buildConfigurationList = A308A32817EC9C43007ED531 /* Build configuration list for PBXNativeTarget "TwitterFHS" */;
			buildPhases = (
				A308A30117EC9C43007ED531 /* Sources */,
				A308A30217EC9C43007ED531 /* Frameworks */,
				A308A30317EC9C43007ED531 /* Resources */,
			);
			buildRules = (
			);
			dependencies = (
			);
			name = TwitterFHS;
			productName = TwitterFHS;
			productReference = A308A30517EC9C43007ED531 /* TwitterFHS.app */;
			productType = "com.apple.product-type.application";
		};
/* End PBXNativeTarget section */

/* Begin PBXProject section */
		A308A2FD17EC9C43007ED531 /* Project object */ = {
			isa = PBXProject;
			attributes = {
				LastUpgradeCheck = 0460;
				ORGANIZATIONNAME = "Paresh Shukla";
				TargetAttributes = {
					A308A30417EC9C43007ED531 = {
						DevelopmentTeam = B4X8EQS24E;
					};
				};
			};
			buildConfigurationList = A308A30017EC9C43007ED531 /* Build configuration list for PBXProject "TwitterFHS" */;
			compatibilityVersion = "Xcode 3.2";
			developmentRegion = English;
			hasScannedForEncodings = 0;
			knownRegions = (
				en,
			);
			mainGroup = A308A2FC17EC9C43007ED531;
			productRefGroup = A308A30617EC9C43007ED531 /* Products */;
			projectDirPath = "";
			projectRoot = "";
			targets = (
				A308A30417EC9C43007ED531 /* TwitterFHS */,
			);
		};
/* End PBXProject section */

/* Begin PBXResourcesBuildPhase section */
		A308A30317EC9C43007ED531 /* Resources */ = {
			isa = PBXResourcesBuildPhase;
			buildActionMask = 2147483647;
			files = (
				A308A31317EC9C43007ED531 /* InfoPlist.strings in Resources */,
				A308A31B17EC9C43007ED531 /* Default.png in Resources */,
				A37DE120182CF9A40056C4F3 /* indexBackground.jpg in Resources */,
				A308A31D17EC9C43007ED531 /* Default@2x.png in Resources */,
				A308A31F17EC9C43007ED531 /* Default-568h@2x.png in Resources */,
				A308A32217EC9C43007ED531 /* MainStoryboard.storyboard in Resources */,
			);
			runOnlyForDeploymentPostprocessing = 0;
		};
/* End PBXResourcesBuildPhase section */

/* Begin PBXSourcesBuildPhase section */
		A308A30117EC9C43007ED531 /* Sources */ = {
			isa = PBXSourcesBuildPhase;
			buildActionMask = 2147483647;
			files = (
				A357A01018323A57001C87B6 /* User.m in Sources */,
				A357A01318323A58001C87B6 /* Tweet.m in Sources */,
				A348249518064E9E0027D43F /* AFURLConnectionOperation.m in Sources */,
				A3551C3D182D117E0055B35D /* SaveResults.m in Sources */,
				A348249718064E9E0027D43F /* UIImageView+AFNetworking.m in Sources */,
				A348249118064E9E0027D43F /* AFImageRequestOperation.m in Sources */,
				A348249A180D897D0027D43F /* ComposeTweetViewController.m in Sources */,
				A308A31517EC9C43007ED531 /* main.m in Sources */,
				A31FD66C18329A5B008A325D /* CoreDataTableViewController.m in Sources */,
				A308A31917EC9C43007ED531 /* AppDelegate.m in Sources */,
				A348249018064E9E0027D43F /* AFHTTPRequestOperation.m in Sources */,
				A348249418064E9E0027D43F /* AFPropertyListRequestOperation.m in Sources */,
				A348248F18064E9E0027D43F /* AFHTTPClient.m in Sources */,
				A364F68917FADD8B0013D586 /* IndexViewController.m in Sources */,
				A32CEF2F1815253700608F35 /* UserProfileCDTVC.m in Sources */,
				A361B7B3180E7C0D00D51D5E /* TweetCell.m in Sources */,
				A3E782F3181920AD00581564 /* ManagedObjectManager.m in Sources */,
				A3ED734318028A0700C0A2DC /* TwitterFHS.xcdatamodeld in Sources */,
				A3ED735F1802A36100C0A2DC /* Tweet+Twitter.m in Sources */,
				A32CEF2C1814F57100608F35 /* TweetDetailsCDTVC.m in Sources */,
				A348249618064E9E0027D43F /* AFXMLRequestOperation.m in Sources */,
				A342C78418035E32000AEAEE /* User+Create.m in Sources */,
				A35B1EF018125F2700DA9C6A /* HomeTimelineCDTVC.m in Sources */,
				A348249318064E9E0027D43F /* AFNetworkActivityIndicatorManager.m in Sources */,
				A348245D18056CBA0027D43F /* TwitterOAuthClient.m in Sources */,
				A348249218064E9E0027D43F /* AFJSONRequestOperation.m in Sources */,
			);
			runOnlyForDeploymentPostprocessing = 0;
		};
/* End PBXSourcesBuildPhase section */

/* Begin PBXVariantGroup section */
		A308A31117EC9C43007ED531 /* InfoPlist.strings */ = {
			isa = PBXVariantGroup;
			children = (
				A308A31217EC9C43007ED531 /* en */,
			);
			name = InfoPlist.strings;
			sourceTree = "<group>";
		};
		A308A32017EC9C43007ED531 /* MainStoryboard.storyboard */ = {
			isa = PBXVariantGroup;
			children = (
				A308A32117EC9C43007ED531 /* en */,
			);
			name = MainStoryboard.storyboard;
			sourceTree = "<group>";
		};
/* End PBXVariantGroup section */

/* Begin XCBuildConfiguration section */
		A308A32617EC9C43007ED531 /* Debug */ = {
			isa = XCBuildConfiguration;
			buildSettings = {
				ALWAYS_SEARCH_USER_PATHS = NO;
				CLANG_CXX_LANGUAGE_STANDARD = "gnu++0x";
				CLANG_CXX_LIBRARY = "libc++";
				CLANG_ENABLE_OBJC_ARC = YES;
				CLANG_WARN_CONSTANT_CONVERSION = YES;
				CLANG_WARN_EMPTY_BODY = YES;
				CLANG_WARN_ENUM_CONVERSION = YES;
				CLANG_WARN_INT_CONVERSION = YES;
				CLANG_WARN__DUPLICATE_METHOD_MATCH = YES;
				"CODE_SIGN_IDENTITY[sdk=iphoneos*]" = "iPhone Developer";
				COPY_PHASE_STRIP = NO;
				GCC_C_LANGUAGE_STANDARD = gnu99;
				GCC_DYNAMIC_NO_PIC = NO;
				GCC_OPTIMIZATION_LEVEL = 0;
				GCC_PREPROCESSOR_DEFINITIONS = (
					"DEBUG=1",
					"$(inherited)",
				);
				GCC_SYMBOLS_PRIVATE_EXTERN = NO;
				GCC_WARN_ABOUT_RETURN_TYPE = YES;
				GCC_WARN_UNINITIALIZED_AUTOS = YES;
				GCC_WARN_UNUSED_VARIABLE = YES;
				IPHONEOS_DEPLOYMENT_TARGET = 6.1;
				ONLY_ACTIVE_ARCH = YES;
				SDKROOT = iphoneos;
			};
			name = Debug;
		};
		A308A32717EC9C43007ED531 /* Release */ = {
			isa = XCBuildConfiguration;
			buildSettings = {
				ALWAYS_SEARCH_USER_PATHS = NO;
				CLANG_CXX_LANGUAGE_STANDARD = "gnu++0x";
				CLANG_CXX_LIBRARY = "libc++";
				CLANG_ENABLE_OBJC_ARC = YES;
				CLANG_WARN_CONSTANT_CONVERSION = YES;
				CLANG_WARN_EMPTY_BODY = YES;
				CLANG_WARN_ENUM_CONVERSION = YES;
				CLANG_WARN_INT_CONVERSION = YES;
				CLANG_WARN__DUPLICATE_METHOD_MATCH = YES;
				"CODE_SIGN_IDENTITY[sdk=iphoneos*]" = "iPhone Developer";
				COPY_PHASE_STRIP = YES;
				GCC_C_LANGUAGE_STANDARD = gnu99;
				GCC_WARN_ABOUT_RETURN_TYPE = YES;
				GCC_WARN_UNINITIALIZED_AUTOS = YES;
				GCC_WARN_UNUSED_VARIABLE = YES;
				IPHONEOS_DEPLOYMENT_TARGET = 6.1;
				OTHER_CFLAGS = "-DNS_BLOCK_ASSERTIONS=1";
				SDKROOT = iphoneos;
				VALIDATE_PRODUCT = YES;
			};
			name = Release;
		};
		A308A32917EC9C43007ED531 /* Debug */ = {
			isa = XCBuildConfiguration;
			buildSettings = {
				CODE_SIGN_IDENTITY = "iPhone Developer";
				"CODE_SIGN_IDENTITY[sdk=iphoneos*]" = "iPhone Developer";
				GCC_PRECOMPILE_PREFIX_HEADER = YES;
				GCC_PREFIX_HEADER = "TwitterFHS/TwitterFHS-Prefix.pch";
				INFOPLIST_FILE = "TwitterFHS/TwitterFHS-Info.plist";
				PRODUCT_NAME = "$(TARGET_NAME)";
				PROVISIONING_PROFILE = "";
				WRAPPER_EXTENSION = app;
			};
			name = Debug;
		};
		A308A32A17EC9C43007ED531 /* Release */ = {
			isa = XCBuildConfiguration;
			buildSettings = {
				CODE_SIGN_IDENTITY = "iPhone Developer";
				"CODE_SIGN_IDENTITY[sdk=iphoneos*]" = "iPhone Developer";
				GCC_PRECOMPILE_PREFIX_HEADER = YES;
				GCC_PREFIX_HEADER = "TwitterFHS/TwitterFHS-Prefix.pch";
				INFOPLIST_FILE = "TwitterFHS/TwitterFHS-Info.plist";
				PRODUCT_NAME = "$(TARGET_NAME)";
				PROVISIONING_PROFILE = "";
				WRAPPER_EXTENSION = app;
			};
			name = Release;
		};
/* End XCBuildConfiguration section */

/* Begin XCConfigurationList section */
		A308A30017EC9C43007ED531 /* Build configuration list for PBXProject "TwitterFHS" */ = {
			isa = XCConfigurationList;
			buildConfigurations = (
				A308A32617EC9C43007ED531 /* Debug */,
				A308A32717EC9C43007ED531 /* Release */,
			);
			defaultConfigurationIsVisible = 0;
			defaultConfigurationName = Release;
		};
		A308A32817EC9C43007ED531 /* Build configuration list for PBXNativeTarget "TwitterFHS" */ = {
			isa = XCConfigurationList;
			buildConfigurations = (
				A308A32917EC9C43007ED531 /* Debug */,
				A308A32A17EC9C43007ED531 /* Release */,
			);
			defaultConfigurationIsVisible = 0;
			defaultConfigurationName = Release;
		};
/* End XCConfigurationList section */

/* Begin XCVersionGroup section */
		A3ED734118028A0600C0A2DC /* TwitterFHS.xcdatamodeld */ = {
			isa = XCVersionGroup;
			children = (
				A3ED734218028A0700C0A2DC /* TwitterFHS.xcdatamodel */,
			);
			currentVersion = A3ED734218028A0700C0A2DC /* TwitterFHS.xcdatamodel */;
			path = TwitterFHS.xcdatamodeld;
			sourceTree = "<group>";
			versionGroupType = wrapper.xcdatamodel;
		};
/* End XCVersionGroup section */
	};
	rootObject = A308A2FD17EC9C43007ED531 /* Project object */;
}
